// !$*UTF8*$!
{
	archiveVersion = 1;
	classes = {
	};
	objectVersion = 50;
	objects = {

/* Begin PBXBuildFile section */
		0559C51920EF3A1000D5B883 /* CareKit.framework in Frameworks */ = {isa = PBXBuildFile; fileRef = 0559C51620EF3A0000D5B883 /* CareKit.framework */; };
		0559C51A20EF3A1000D5B883 /* CareKit.framework in Embed Frameworks */ = {isa = PBXBuildFile; fileRef = 0559C51620EF3A0000D5B883 /* CareKit.framework */; settings = {ATTRIBUTES = (CodeSignOnCopy, RemoveHeadersOnCopy, ); }; };
		0559C51F20EF3E8F00D5B883 /* TabBarController.swift in Sources */ = {isa = PBXBuildFile; fileRef = 0559C51E20EF3E8F00D5B883 /* TabBarController.swift */; };
		0559C52220EF435B00D5B883 /* Constants.swift in Sources */ = {isa = PBXBuildFile; fileRef = 0559C52120EF435B00D5B883 /* Constants.swift */; };
		05EF0D2B20EF201D0087BFA9 /* AppDelegate.swift in Sources */ = {isa = PBXBuildFile; fileRef = 05EF0D2A20EF201D0087BFA9 /* AppDelegate.swift */; };
		05EF0D3020EF201D0087BFA9 /* Main.storyboard in Resources */ = {isa = PBXBuildFile; fileRef = 05EF0D2E20EF201D0087BFA9 /* Main.storyboard */; };
		05EF0D3220EF20230087BFA9 /* Assets.xcassets in Resources */ = {isa = PBXBuildFile; fileRef = 05EF0D3120EF20230087BFA9 /* Assets.xcassets */; };
		05EF0D3520EF20230087BFA9 /* LaunchScreen.storyboard in Resources */ = {isa = PBXBuildFile; fileRef = 05EF0D3320EF20230087BFA9 /* LaunchScreen.storyboard */; };
/* End PBXBuildFile section */

/* Begin PBXContainerItemProxy section */
		0559C51520EF3A0000D5B883 /* PBXContainerItemProxy */ = {
			isa = PBXContainerItemProxy;
			containerPortal = 0559C50F20EF3A0000D5B883 /* CareKit.xcodeproj */;
			proxyType = 2;
			remoteGlobalIDString = 8605A5BA1C4F04EC00DD65FF;
			remoteInfo = CareKit;
		};
		0559C51720EF3A0000D5B883 /* PBXContainerItemProxy */ = {
			isa = PBXContainerItemProxy;
			containerPortal = 0559C50F20EF3A0000D5B883 /* CareKit.xcodeproj */;
			proxyType = 2;
			remoteGlobalIDString = 8605A5C41C4F04EC00DD65FF;
			remoteInfo = CareKitTests;
		};
		0559C51B20EF3A1000D5B883 /* PBXContainerItemProxy */ = {
			isa = PBXContainerItemProxy;
			containerPortal = 0559C50F20EF3A0000D5B883 /* CareKit.xcodeproj */;
			proxyType = 1;
			remoteGlobalIDString = 8605A5B91C4F04EC00DD65FF;
			remoteInfo = CareKit;
		};
/* End PBXContainerItemProxy section */

/* Begin PBXCopyFilesBuildPhase section */
		0559C51D20EF3A1000D5B883 /* Embed Frameworks */ = {
			isa = PBXCopyFilesBuildPhase;
			buildActionMask = 2147483647;
			dstPath = "";
			dstSubfolderSpec = 10;
			files = (
				0559C51A20EF3A1000D5B883 /* CareKit.framework in Embed Frameworks */,
			);
			name = "Embed Frameworks";
			runOnlyForDeploymentPostprocessing = 0;
		};
/* End PBXCopyFilesBuildPhase section */

/* Begin PBXFileReference section */
		0559C50F20EF3A0000D5B883 /* CareKit.xcodeproj */ = {isa = PBXFileReference; lastKnownFileType = "wrapper.pb-project"; name = CareKit.xcodeproj; path = "../../../../../../../Downloads/CareKit-master/CareKit.xcodeproj"; sourceTree = "<group>"; };
		0559C51E20EF3E8F00D5B883 /* TabBarController.swift */ = {isa = PBXFileReference; lastKnownFileType = sourcecode.swift; path = TabBarController.swift; sourceTree = "<group>"; };
		0559C52120EF435B00D5B883 /* Constants.swift */ = {isa = PBXFileReference; lastKnownFileType = sourcecode.swift; path = Constants.swift; sourceTree = "<group>"; };
		05EF0D2720EF201D0087BFA9 /* CareKit Demo.app */ = {isa = PBXFileReference; explicitFileType = wrapper.application; includeInIndex = 0; path = "CareKit Demo.app"; sourceTree = BUILT_PRODUCTS_DIR; };
		05EF0D2A20EF201D0087BFA9 /* AppDelegate.swift */ = {isa = PBXFileReference; lastKnownFileType = sourcecode.swift; path = AppDelegate.swift; sourceTree = "<group>"; };
		05EF0D2F20EF201D0087BFA9 /* Base */ = {isa = PBXFileReference; lastKnownFileType = file.storyboard; name = Base; path = Base.lproj/Main.storyboard; sourceTree = "<group>"; };
		05EF0D3120EF20230087BFA9 /* Assets.xcassets */ = {isa = PBXFileReference; lastKnownFileType = folder.assetcatalog; path = Assets.xcassets; sourceTree = "<group>"; };
		05EF0D3420EF20230087BFA9 /* Base */ = {isa = PBXFileReference; lastKnownFileType = file.storyboard; name = Base; path = Base.lproj/LaunchScreen.storyboard; sourceTree = "<group>"; };
		05EF0D3620EF20230087BFA9 /* Info.plist */ = {isa = PBXFileReference; lastKnownFileType = text.plist.xml; path = Info.plist; sourceTree = "<group>"; };
/* End PBXFileReference section */

/* Begin PBXFrameworksBuildPhase section */
		05EF0D2420EF201D0087BFA9 /* Frameworks */ = {
			isa = PBXFrameworksBuildPhase;
			buildActionMask = 2147483647;
			files = (
				0559C51920EF3A1000D5B883 /* CareKit.framework in Frameworks */,
			);
			runOnlyForDeploymentPostprocessing = 0;
		};
/* End PBXFrameworksBuildPhase section */

/* Begin PBXGroup section */
		0559C50920EF394800D5B883 /* Model */ = {
			isa = PBXGroup;
			children = (
			);
			path = Model;
			sourceTree = "<group>";
		};
		0559C50B20EF398000D5B883 /* View */ = {
			isa = PBXGroup;
			children = (
				05EF0D2E20EF201D0087BFA9 /* Main.storyboard */,
				05EF0D3320EF20230087BFA9 /* LaunchScreen.storyboard */,
			);
			path = View;
			sourceTree = "<group>";
		};
		0559C50C20EF398700D5B883 /* Controller */ = {
			isa = PBXGroup;
			children = (
				05EF0D2A20EF201D0087BFA9 /* AppDelegate.swift */,
				0559C51E20EF3E8F00D5B883 /* TabBarController.swift */,
			);
			path = Controller;
			sourceTree = "<group>";
		};
		0559C50D20EF399200D5B883 /* Utils */ = {
			isa = PBXGroup;
			children = (
				0559C52020EF433E00D5B883 /* Consts */,
				05EF0D3120EF20230087BFA9 /* Assets.xcassets */,
				0559C50E20EF399900D5B883 /* Services */,
			);
			path = Utils;
			sourceTree = "<group>";
		};
		0559C50E20EF399900D5B883 /* Services */ = {
			isa = PBXGroup;
			children = (
				0559C50F20EF3A0000D5B883 /* CareKit.xcodeproj */,
			);
			path = Services;
			sourceTree = "<group>";
		};
		0559C51020EF3A0000D5B883 /* Products */ = {
			isa = PBXGroup;
			children = (
				0559C51620EF3A0000D5B883 /* CareKit.framework */,
				0559C51820EF3A0000D5B883 /* CareKitTests.xctest */,
			);
			name = Products;
			sourceTree = "<group>";
		};
		0559C52020EF433E00D5B883 /* Consts */ = {
			isa = PBXGroup;
			children = (
				0559C52120EF435B00D5B883 /* Constants.swift */,
			);
			path = Consts;
			sourceTree = "<group>";
		};
		05EF0D1E20EF201D0087BFA9 = {
			isa = PBXGroup;
			children = (
				05EF0D2920EF201D0087BFA9 /* CareKit Demo */,
				05EF0D2820EF201D0087BFA9 /* Products */,
			);
			sourceTree = "<group>";
		};
		05EF0D2820EF201D0087BFA9 /* Products */ = {
			isa = PBXGroup;
			children = (
				05EF0D2720EF201D0087BFA9 /* CareKit Demo.app */,
			);
			name = Products;
			sourceTree = "<group>";
		};
		05EF0D2920EF201D0087BFA9 /* CareKit Demo */ = {
			isa = PBXGroup;
			children = (
				0559C50D20EF399200D5B883 /* Utils */,
				0559C50C20EF398700D5B883 /* Controller */,
				0559C50B20EF398000D5B883 /* View */,
				0559C50920EF394800D5B883 /* Model */,
				05EF0D3620EF20230087BFA9 /* Info.plist */,
			);
			path = "CareKit Demo";
			sourceTree = "<group>";
		};
/* End PBXGroup section */

/* Begin PBXNativeTarget section */
		05EF0D2620EF201D0087BFA9 /* CareKit Demo */ = {
			isa = PBXNativeTarget;
			buildConfigurationList = 05EF0D3920EF20230087BFA9 /* Build configuration list for PBXNativeTarget "CareKit Demo" */;
			buildPhases = (
				05EF0D2320EF201D0087BFA9 /* Sources */,
				05EF0D2420EF201D0087BFA9 /* Frameworks */,
				05EF0D2520EF201D0087BFA9 /* Resources */,
				0559C51D20EF3A1000D5B883 /* Embed Frameworks */,
			);
			buildRules = (
			);
			dependencies = (
				0559C51C20EF3A1000D5B883 /* PBXTargetDependency */,
			);
			name = "CareKit Demo";
			productName = "CareKit Demo";
			productReference = 05EF0D2720EF201D0087BFA9 /* CareKit Demo.app */;
			productType = "com.apple.product-type.application";
		};
/* End PBXNativeTarget section */

/* Begin PBXProject section */
		05EF0D1F20EF201D0087BFA9 /* Project object */ = {
			isa = PBXProject;
			attributes = {
				LastSwiftUpdateCheck = 1000;
				LastUpgradeCheck = 1000;
				ORGANIZATIONNAME = "Solution Analysts";
				TargetAttributes = {
					05EF0D2620EF201D0087BFA9 = {
						CreatedOnToolsVersion = 10.0;
					};
				};
			};
			buildConfigurationList = 05EF0D2220EF201D0087BFA9 /* Build configuration list for PBXProject "CareKit Demo" */;
			compatibilityVersion = "Xcode 9.3";
			developmentRegion = en;
			hasScannedForEncodings = 0;
			knownRegions = (
				en,
				Base,
			);
			mainGroup = 05EF0D1E20EF201D0087BFA9;
			productRefGroup = 05EF0D2820EF201D0087BFA9 /* Products */;
			projectDirPath = "";
			projectReferences = (
				{
					ProductGroup = 0559C51020EF3A0000D5B883 /* Products */;
					ProjectRef = 0559C50F20EF3A0000D5B883 /* CareKit.xcodeproj */;
				},
			);
			projectRoot = "";
			targets = (
				05EF0D2620EF201D0087BFA9 /* CareKit Demo */,
			);
		};
/* End PBXProject section */

/* Begin PBXReferenceProxy section */
		0559C51620EF3A0000D5B883 /* CareKit.framework */ = {
			isa = PBXReferenceProxy;
			fileType = wrapper.framework;
			path = CareKit.framework;
			remoteRef = 0559C51520EF3A0000D5B883 /* PBXContainerItemProxy */;
			sourceTree = BUILT_PRODUCTS_DIR;
		};
		0559C51820EF3A0000D5B883 /* CareKitTests.xctest */ = {
			isa = PBXReferenceProxy;
			fileType = wrapper.cfbundle;
			path = CareKitTests.xctest;
			remoteRef = 0559C51720EF3A0000D5B883 /* PBXContainerItemProxy */;
			sourceTree = BUILT_PRODUCTS_DIR;
		};
/* End PBXReferenceProxy section */

/* Begin PBXResourcesBuildPhase section */
		05EF0D2520EF201D0087BFA9 /* Resources */ = {
			isa = PBXResourcesBuildPhase;
			buildActionMask = 2147483647;
			files = (
				05EF0D3520EF20230087BFA9 /* LaunchScreen.storyboard in Resources */,
				05EF0D3220EF20230087BFA9 /* Assets.xcassets in Resources */,
				05EF0D3020EF201D0087BFA9 /* Main.storyboard in Resources */,
			);
			runOnlyForDeploymentPostprocessing = 0;
		};
/* End PBXResourcesBuildPhase section */

/* Begin PBXSourcesBuildPhase section */
		05EF0D2320EF201D0087BFA9 /* Sources */ = {
			isa = PBXSourcesBuildPhase;
			buildActionMask = 2147483647;
			files = (
				05EF0D2B20EF201D0087BFA9 /* AppDelegate.swift in Sources */,
				0559C51F20EF3E8F00D5B883 /* TabBarController.swift in Sources */,
				0559C52220EF435B00D5B883 /* Constants.swift in Sources */,
			);
			runOnlyForDeploymentPostprocessing = 0;
		};
/* End PBXSourcesBuildPhase section */

/* Begin PBXTargetDependency section */
		0559C51C20EF3A1000D5B883 /* PBXTargetDependency */ = {
			isa = PBXTargetDependency;
			name = CareKit;
			targetProxy = 0559C51B20EF3A1000D5B883 /* PBXContainerItemProxy */;
		};
/* End PBXTargetDependency section */

/* Begin PBXVariantGroup section */
		05EF0D2E20EF201D0087BFA9 /* Main.storyboard */ = {
			isa = PBXVariantGroup;
			children = (
				05EF0D2F20EF201D0087BFA9 /* Base */,
			);
			name = Main.storyboard;
			sourceTree = "<group>";
		};
		05EF0D3320EF20230087BFA9 /* LaunchScreen.storyboard */ = {
			isa = PBXVariantGroup;
			children = (
				05EF0D3420EF20230087BFA9 /* Base */,
			);
			name = LaunchScreen.storyboard;
			sourceTree = "<group>";
		};
/* End PBXVariantGroup section */

/* Begin XCBuildConfiguration section */
		05EF0D3720EF20230087BFA9 /* Debug */ = {
			isa = XCBuildConfiguration;
			buildSettings = {
				ALWAYS_SEARCH_USER_PATHS = NO;
				CLANG_ANALYZER_NONNULL = YES;
				CLANG_ANALYZER_NUMBER_OBJECT_CONVERSION = YES_AGGRESSIVE;
				CLANG_CXX_LANGUAGE_STANDARD = "gnu++14";
				CLANG_CXX_LIBRARY = "libc++";
				CLANG_ENABLE_MODULES = YES;
				CLANG_ENABLE_OBJC_ARC = YES;
				CLANG_ENABLE_OBJC_WEAK = YES;
				CLANG_WARN_BLOCK_CAPTURE_AUTORELEASING = YES;
				CLANG_WARN_BOOL_CONVERSION = YES;
				CLANG_WARN_COMMA = YES;
				CLANG_WARN_CONSTANT_CONVERSION = YES;
				CLANG_WARN_DEPRECATED_OBJC_IMPLEMENTATIONS = YES;
				CLANG_WARN_DIRECT_OBJC_ISA_USAGE = YES_ERROR;
				CLANG_WARN_DOCUMENTATION_COMMENTS = YES;
				CLANG_WARN_EMPTY_BODY = YES;
				CLANG_WARN_ENUM_CONVERSION = YES;
				CLANG_WARN_INFINITE_RECURSION = YES;
				CLANG_WARN_INT_CONVERSION = YES;
				CLANG_WARN_NON_LITERAL_NULL_CONVERSION = YES;
				CLANG_WARN_OBJC_IMPLICIT_RETAIN_SELF = YES;
				CLANG_WARN_OBJC_LITERAL_CONVERSION = YES;
				CLANG_WARN_OBJC_ROOT_CLASS = YES_ERROR;
				CLANG_WARN_RANGE_LOOP_ANALYSIS = YES;
				CLANG_WARN_STRICT_PROTOTYPES = YES;
				CLANG_WARN_SUSPICIOUS_MOVE = YES;
				CLANG_WARN_UNGUARDED_AVAILABILITY = YES_AGGRESSIVE;
				CLANG_WARN_UNREACHABLE_CODE = YES;
				CLANG_WARN__DUPLICATE_METHOD_MATCH = YES;
				CODE_SIGN_IDENTITY = "iPhone Developer";
				COPY_PHASE_STRIP = NO;
				DEBUG_INFORMATION_FORMAT = dwarf;
				ENABLE_STRICT_OBJC_MSGSEND = YES;
				ENABLE_TESTABILITY = YES;
				GCC_C_LANGUAGE_STANDARD = gnu11;
				GCC_DYNAMIC_NO_PIC = NO;
				GCC_NO_COMMON_BLOCKS = YES;
				GCC_OPTIMIZATION_LEVEL = 0;
				GCC_PREPROCESSOR_DEFINITIONS = (
					"DEBUG=1",
					"$(inherited)",
				);
				GCC_WARN_64_TO_32_BIT_CONVERSION = YES;
				GCC_WARN_ABOUT_RETURN_TYPE = YES_ERROR;
				GCC_WARN_UNDECLARED_SELECTOR = YES;
				GCC_WARN_UNINITIALIZED_AUTOS = YES_AGGRESSIVE;
				GCC_WARN_UNUSED_FUNCTION = YES;
				GCC_WARN_UNUSED_VARIABLE = YES;
				IPHONEOS_DEPLOYMENT_TARGET = 12.0;
				MTL_ENABLE_DEBUG_INFO = INCLUDE_SOURCE;
				ONLY_ACTIVE_ARCH = YES;
				SDKROOT = iphoneos;
				SWIFT_ACTIVE_COMPILATION_CONDITIONS = DEBUG;
				SWIFT_OPTIMIZATION_LEVEL = "-Onone";
			};
			name = Debug;
		};
		05EF0D3820EF20230087BFA9 /* Release */ = {
			isa = XCBuildConfiguration;
			buildSettings = {
				ALWAYS_SEARCH_USER_PATHS = NO;
				CLANG_ANALYZER_NONNULL = YES;
				CLANG_ANALYZER_NUMBER_OBJECT_CONVERSION = YES_AGGRESSIVE;
				CLANG_CXX_LANGUAGE_STANDARD = "gnu++14";
				CLANG_CXX_LIBRARY = "libc++";
				CLANG_ENABLE_MODULES = YES;
				CLANG_ENABLE_OBJC_ARC = YES;
				CLANG_ENABLE_OBJC_WEAK = YES;
				CLANG_WARN_BLOCK_CAPTURE_AUTORELEASING = YES;
				CLANG_WARN_BOOL_CONVERSION = YES;
				CLANG_WARN_COMMA = YES;
				CLANG_WARN_CONSTANT_CONVERSION = YES;
				CLANG_WARN_DEPRECATED_OBJC_IMPLEMENTATIONS = YES;
				CLANG_WARN_DIRECT_OBJC_ISA_USAGE = YES_ERROR;
				CLANG_WARN_DOCUMENTATION_COMMENTS = YES;
				CLANG_WARN_EMPTY_BODY = YES;
				CLANG_WARN_ENUM_CONVERSION = YES;
				CLANG_WARN_INFINITE_RECURSION = YES;
				CLANG_WARN_INT_CONVERSION = YES;
				CLANG_WARN_NON_LITERAL_NULL_CONVERSION = YES;
				CLANG_WARN_OBJC_IMPLICIT_RETAIN_SELF = YES;
				CLANG_WARN_OBJC_LITERAL_CONVERSION = YES;
				CLANG_WARN_OBJC_ROOT_CLASS = YES_ERROR;
				CLANG_WARN_RANGE_LOOP_ANALYSIS = YES;
				CLANG_WARN_STRICT_PROTOTYPES = YES;
				CLANG_WARN_SUSPICIOUS_MOVE = YES;
				CLANG_WARN_UNGUARDED_AVAILABILITY = YES_AGGRESSIVE;
				CLANG_WARN_UNREACHABLE_CODE = YES;
				CLANG_WARN__DUPLICATE_METHOD_MATCH = YES;
				CODE_SIGN_IDENTITY = "iPhone Developer";
				COPY_PHASE_STRIP = NO;
				DEBUG_INFORMATION_FORMAT = "dwarf-with-dsym";
				ENABLE_NS_ASSERTIONS = NO;
				ENABLE_STRICT_OBJC_MSGSEND = YES;
				GCC_C_LANGUAGE_STANDARD = gnu11;
				GCC_NO_COMMON_BLOCKS = YES;
				GCC_WARN_64_TO_32_BIT_CONVERSION = YES;
				GCC_WARN_ABOUT_RETURN_TYPE = YES_ERROR;
				GCC_WARN_UNDECLARED_SELECTOR = YES;
				GCC_WARN_UNINITIALIZED_AUTOS = YES_AGGRESSIVE;
				GCC_WARN_UNUSED_FUNCTION = YES;
				GCC_WARN_UNUSED_VARIABLE = YES;
				IPHONEOS_DEPLOYMENT_TARGET = 12.0;
				MTL_ENABLE_DEBUG_INFO = NO;
				SDKROOT = iphoneos;
				SWIFT_COMPILATION_MODE = wholemodule;
				SWIFT_OPTIMIZATION_LEVEL = "-O";
				VALIDATE_PRODUCT = YES;
			};
			name = Release;
		};
		05EF0D3A20EF20230087BFA9 /* Debug */ = {
			isa = XCBuildConfiguration;
			buildSettings = {
				ASSETCATALOG_COMPILER_APPICON_NAME = AppIcon;
				CODE_SIGN_STYLE = Automatic;
				INFOPLIST_FILE = "CareKit Demo/Info.plist";
				IPHONEOS_DEPLOYMENT_TARGET = 10.0;
				LD_RUNPATH_SEARCH_PATHS = (
					"$(inherited)",
					"@executable_path/Frameworks",
				);
				PRODUCT_BUNDLE_IDENTIFIER = "com.solutionanalysts.CareKit-Demo";
				PRODUCT_NAME = "$(TARGET_NAME)";
				SWIFT_VERSION = 4.2;
				TARGETED_DEVICE_FAMILY = "1,2";
			};
			name = Debug;
		};
		05EF0D3B20EF20230087BFA9 /* Release */ = {
			isa = XCBuildConfiguration;
			buildSettings = {
				ASSETCATALOG_COMPILER_APPICON_NAME = AppIcon;
				CODE_SIGN_STYLE = Automatic;
				INFOPLIST_FILE = "CareKit Demo/Info.plist";
				IPHONEOS_DEPLOYMENT_TARGET = 10.0;
				LD_RUNPATH_SEARCH_PATHS = (
					"$(inherited)",
					"@executable_path/Frameworks",
				);
				PRODUCT_BUNDLE_IDENTIFIER = "com.solutionanalysts.CareKit-Demo";
				PRODUCT_NAME = "$(TARGET_NAME)";
				SWIFT_VERSION = 4.2;
				TARGETED_DEVICE_FAMILY = "1,2";
			};
			name = Release;
		};
/* End XCBuildConfiguration section */

/* Begin XCConfigurationList section */
		05EF0D2220EF201D0087BFA9 /* Build configuration list for PBXProject "CareKit Demo" */ = {
			isa = XCConfigurationList;
			buildConfigurations = (
				05EF0D3720EF20230087BFA9 /* Debug */,
				05EF0D3820EF20230087BFA9 /* Release */,
			);
			defaultConfigurationIsVisible = 0;
			defaultConfigurationName = Release;
		};
		05EF0D3920EF20230087BFA9 /* Build configuration list for PBXNativeTarget "CareKit Demo" */ = {
			isa = XCConfigurationList;
			buildConfigurations = (
				05EF0D3A20EF20230087BFA9 /* Debug */,
				05EF0D3B20EF20230087BFA9 /* Release */,
			);
			defaultConfigurationIsVisible = 0;
			defaultConfigurationName = Release;
		};
/* End XCConfigurationList section */
	};
	rootObject = 05EF0D1F20EF201D0087BFA9 /* Project object */;
}
